
Microsoft Visual Studio Solution File, Format Version 12.00
# Visual Studio 15
VisualStudioVersion = 15.0.28307.489
MinimumVisualStudioVersion = 10.0.40219.1
Project("{9A19103F-16F7-4668-BE54-9A1E7A4F7556}") = "CaloriesTracker", "CaloriesTracker\CaloriesTracker\CaloriesTracker.csproj", "{119AE34C-15A5-4618-ACF0-09C0C1C8DAD7}"
EndProject
Project("{FAE04EC0-301F-11D3-BF4B-00C04F79EFBC}") = "CaloriesTracker.Android", "CaloriesTracker\CaloriesTracker.Android\CaloriesTracker.Android.csproj", "{C047A8FD-031F-4B66-8E84-99B0A4390A2C}"
EndProject
Project("{FAE04EC0-301F-11D3-BF4B-00C04F79EFBC}") = "CaloriesTracker.iOS", "CaloriesTracker\CaloriesTracker.iOS\CaloriesTracker.iOS.csproj", "{81853BA9-9904-43F7-A3EB-ACD17BCFF4DE}"
EndProject
Project("{2150E333-8FDC-42A3-9474-1A3956D46DE8}") = "Domain", "Domain", "{AE0A6282-FBC9-42E7-84B5-B3DBA4EBDBF1}"
EndProject
Project("{9A19103F-16F7-4668-BE54-9A1E7A4F7556}") = "CaloriesTracker.Domain.Abstractions", "CaloriesTracker.Domain.Abstractions\CaloriesTracker.Domain.Abstractions.csproj", "{2B2A8872-9411-4C30-AC5B-B83916BD11D8}"
EndProject
Project("{9A19103F-16F7-4668-BE54-9A1E7A4F7556}") = "XForms.Utils", "XForms.Utils\XForms.Utils.csproj", "{8C7464EA-7E7F-4E2F-B86F-666598D39C02}"
EndProject
Project("{9A19103F-16F7-4668-BE54-9A1E7A4F7556}") = "CaloriesTracker.Domain", "CaloriesTracker.Domain\CaloriesTracker.Domain.csproj", "{036D6A1B-AFBC-411D-B586-2EE979A3BB0B}"
EndProject
Project("{9A19103F-16F7-4668-BE54-9A1E7A4F7556}") = "CaloriesTracker.Infrastructure", "CaloriesTracker.Infrastructure\CaloriesTracker.Infrastructure.csproj", "{85B1A9E5-B5B9-44CD-AF91-CE4F6FB76250}"
EndProject
Project("{2150E333-8FDC-42A3-9474-1A3956D46DE8}") = "Infrastructure", "Infrastructure", "{1662B761-5A68-49C5-B670-11A42F67FEBB}"
EndProject
Project("{9A19103F-16F7-4668-BE54-9A1E7A4F7556}") = "CaloriesTracker.Application", "CaloriesTracker.Application\CaloriesTracker.Application.csproj", "{B367577F-ABE2-4EAD-8002-1397C40C6700}"
EndProject
Project("{9A19103F-16F7-4668-BE54-9A1E7A4F7556}") = "CaloriesTracker.Infrastructure.Mock", "CaloriesTracker.Infrastructure.Mock\CaloriesTracker.Infrastructure.Mock.csproj", "{4D353F83-3F3E-4768-9F2C-521B3C56A286}"
EndProject
Project("{2150E333-8FDC-42A3-9474-1A3956D46DE8}") = "Tests", "Tests", "{470F2C60-809B-40B5-AF85-9F889D0C8DDA}"
EndProject
Project("{FAE04EC0-301F-11D3-BF4B-00C04F79EFBC}") = "CaloriesTracker.UnitTests", "CaloriesTracker.UnitTests\CaloriesTracker.UnitTests.csproj", "{1C8EBB6F-694F-46C3-9F6F-706F62C98D67}"
EndProject
Global
	GlobalSection(SolutionConfigurationPlatforms) = preSolution
		Ad-Hoc|Any CPU = Ad-Hoc|Any CPU
		Ad-Hoc|iPhone = Ad-Hoc|iPhone
		Ad-Hoc|iPhoneSimulator = Ad-Hoc|iPhoneSimulator
		AppStore|Any CPU = AppStore|Any CPU
		AppStore|iPhone = AppStore|iPhone
		AppStore|iPhoneSimulator = AppStore|iPhoneSimulator
		Debug|Any CPU = Debug|Any CPU
		Debug|iPhone = Debug|iPhone
		Debug|iPhoneSimulator = Debug|iPhoneSimulator
		Release|Any CPU = Release|Any CPU
		Release|iPhone = Release|iPhone
		Release|iPhoneSimulator = Release|iPhoneSimulator
	EndGlobalSection
	GlobalSection(ProjectConfigurationPlatforms) = postSolution
		{119AE34C-15A5-4618-ACF0-09C0C1C8DAD7}.Ad-Hoc|Any CPU.ActiveCfg = Debug|Any CPU
		{119AE34C-15A5-4618-ACF0-09C0C1C8DAD7}.Ad-Hoc|Any CPU.Build.0 = Debug|Any CPU
		{119AE34C-15A5-4618-ACF0-09C0C1C8DAD7}.Ad-Hoc|iPhone.ActiveCfg = Debug|Any CPU
		{119AE34C-15A5-4618-ACF0-09C0C1C8DAD7}.Ad-Hoc|iPhone.Build.0 = Debug|Any CPU
		{119AE34C-15A5-4618-ACF0-09C0C1C8DAD7}.Ad-Hoc|iPhoneSimulator.ActiveCfg = Debug|Any CPU
		{119AE34C-15A5-4618-ACF0-09C0C1C8DAD7}.Ad-Hoc|iPhoneSimulator.Build.0 = Debug|Any CPU
		{119AE34C-15A5-4618-ACF0-09C0C1C8DAD7}.AppStore|Any CPU.ActiveCfg = Debug|Any CPU
		{119AE34C-15A5-4618-ACF0-09C0C1C8DAD7}.AppStore|Any CPU.Build.0 = Debug|Any CPU
		{119AE34C-15A5-4618-ACF0-09C0C1C8DAD7}.AppStore|iPhone.ActiveCfg = Debug|Any CPU
		{119AE34C-15A5-4618-ACF0-09C0C1C8DAD7}.AppStore|iPhone.Build.0 = Debug|Any CPU
		{119AE34C-15A5-4618-ACF0-09C0C1C8DAD7}.AppStore|iPhoneSimulator.ActiveCfg = Debug|Any CPU
		{119AE34C-15A5-4618-ACF0-09C0C1C8DAD7}.AppStore|iPhoneSimulator.Build.0 = Debug|Any CPU
		{119AE34C-15A5-4618-ACF0-09C0C1C8DAD7}.Debug|Any CPU.ActiveCfg = Debug|Any CPU
		{119AE34C-15A5-4618-ACF0-09C0C1C8DAD7}.Debug|Any CPU.Build.0 = Debug|Any CPU
		{119AE34C-15A5-4618-ACF0-09C0C1C8DAD7}.Debug|iPhone.ActiveCfg = Debug|Any CPU
		{119AE34C-15A5-4618-ACF0-09C0C1C8DAD7}.Debug|iPhone.Build.0 = Debug|Any CPU
		{119AE34C-15A5-4618-ACF0-09C0C1C8DAD7}.Debug|iPhoneSimulator.ActiveCfg = Debug|Any CPU
		{119AE34C-15A5-4618-ACF0-09C0C1C8DAD7}.Debug|iPhoneSimulator.Build.0 = Debug|Any CPU
		{119AE34C-15A5-4618-ACF0-09C0C1C8DAD7}.Release|Any CPU.ActiveCfg = Release|Any CPU
		{119AE34C-15A5-4618-ACF0-09C0C1C8DAD7}.Release|Any CPU.Build.0 = Release|Any CPU
		{119AE34C-15A5-4618-ACF0-09C0C1C8DAD7}.Release|iPhone.ActiveCfg = Release|Any CPU
		{119AE34C-15A5-4618-ACF0-09C0C1C8DAD7}.Release|iPhone.Build.0 = Release|Any CPU
		{119AE34C-15A5-4618-ACF0-09C0C1C8DAD7}.Release|iPhoneSimulator.ActiveCfg = Release|Any CPU
		{119AE34C-15A5-4618-ACF0-09C0C1C8DAD7}.Release|iPhoneSimulator.Build.0 = Release|Any CPU
		{C047A8FD-031F-4B66-8E84-99B0A4390A2C}.Ad-Hoc|Any CPU.ActiveCfg = Release|Any CPU
		{C047A8FD-031F-4B66-8E84-99B0A4390A2C}.Ad-Hoc|Any CPU.Build.0 = Release|Any CPU
		{C047A8FD-031F-4B66-8E84-99B0A4390A2C}.Ad-Hoc|Any CPU.Deploy.0 = Release|Any CPU
		{C047A8FD-031F-4B66-8E84-99B0A4390A2C}.Ad-Hoc|iPhone.ActiveCfg = Release|Any CPU
		{C047A8FD-031F-4B66-8E84-99B0A4390A2C}.Ad-Hoc|iPhone.Build.0 = Release|Any CPU
		{C047A8FD-031F-4B66-8E84-99B0A4390A2C}.Ad-Hoc|iPhone.Deploy.0 = Release|Any CPU
		{C047A8FD-031F-4B66-8E84-99B0A4390A2C}.Ad-Hoc|iPhoneSimulator.ActiveCfg = Release|Any CPU
		{C047A8FD-031F-4B66-8E84-99B0A4390A2C}.Ad-Hoc|iPhoneSimulator.Build.0 = Release|Any CPU
		{C047A8FD-031F-4B66-8E84-99B0A4390A2C}.Ad-Hoc|iPhoneSimulator.Deploy.0 = Release|Any CPU
		{C047A8FD-031F-4B66-8E84-99B0A4390A2C}.AppStore|Any CPU.ActiveCfg = Release|Any CPU
		{C047A8FD-031F-4B66-8E84-99B0A4390A2C}.AppStore|Any CPU.Build.0 = Release|Any CPU
		{C047A8FD-031F-4B66-8E84-99B0A4390A2C}.AppStore|Any CPU.Deploy.0 = Release|Any CPU
		{C047A8FD-031F-4B66-8E84-99B0A4390A2C}.AppStore|iPhone.ActiveCfg = Release|Any CPU
		{C047A8FD-031F-4B66-8E84-99B0A4390A2C}.AppStore|iPhone.Build.0 = Release|Any CPU
		{C047A8FD-031F-4B66-8E84-99B0A4390A2C}.AppStore|iPhone.Deploy.0 = Release|Any CPU
		{C047A8FD-031F-4B66-8E84-99B0A4390A2C}.AppStore|iPhoneSimulator.ActiveCfg = Release|Any CPU
		{C047A8FD-031F-4B66-8E84-99B0A4390A2C}.AppStore|iPhoneSimulator.Build.0 = Release|Any CPU
		{C047A8FD-031F-4B66-8E84-99B0A4390A2C}.AppStore|iPhoneSimulator.Deploy.0 = Release|Any CPU
		{C047A8FD-031F-4B66-8E84-99B0A4390A2C}.Debug|Any CPU.ActiveCfg = Debug|Any CPU
		{C047A8FD-031F-4B66-8E84-99B0A4390A2C}.Debug|Any CPU.Build.0 = Debug|Any CPU
		{C047A8FD-031F-4B66-8E84-99B0A4390A2C}.Debug|Any CPU.Deploy.0 = Debug|Any CPU
		{C047A8FD-031F-4B66-8E84-99B0A4390A2C}.Debug|iPhone.ActiveCfg = Debug|Any CPU
		{C047A8FD-031F-4B66-8E84-99B0A4390A2C}.Debug|iPhone.Build.0 = Debug|Any CPU
		{C047A8FD-031F-4B66-8E84-99B0A4390A2C}.Debug|iPhone.Deploy.0 = Debug|Any CPU
		{C047A8FD-031F-4B66-8E84-99B0A4390A2C}.Debug|iPhoneSimulator.ActiveCfg = Debug|Any CPU
		{C047A8FD-031F-4B66-8E84-99B0A4390A2C}.Debug|iPhoneSimulator.Build.0 = Debug|Any CPU
		{C047A8FD-031F-4B66-8E84-99B0A4390A2C}.Debug|iPhoneSimulator.Deploy.0 = Debug|Any CPU
		{C047A8FD-031F-4B66-8E84-99B0A4390A2C}.Release|Any CPU.ActiveCfg = Release|Any CPU
		{C047A8FD-031F-4B66-8E84-99B0A4390A2C}.Release|Any CPU.Build.0 = Release|Any CPU
		{C047A8FD-031F-4B66-8E84-99B0A4390A2C}.Release|Any CPU.Deploy.0 = Release|Any CPU
		{C047A8FD-031F-4B66-8E84-99B0A4390A2C}.Release|iPhone.ActiveCfg = Release|Any CPU
		{C047A8FD-031F-4B66-8E84-99B0A4390A2C}.Release|iPhone.Build.0 = Release|Any CPU
		{C047A8FD-031F-4B66-8E84-99B0A4390A2C}.Release|iPhone.Deploy.0 = Release|Any CPU
		{C047A8FD-031F-4B66-8E84-99B0A4390A2C}.Release|iPhoneSimulator.ActiveCfg = Release|Any CPU
		{C047A8FD-031F-4B66-8E84-99B0A4390A2C}.Release|iPhoneSimulator.Build.0 = Release|Any CPU
		{C047A8FD-031F-4B66-8E84-99B0A4390A2C}.Release|iPhoneSimulator.Deploy.0 = Release|Any CPU
		{81853BA9-9904-43F7-A3EB-ACD17BCFF4DE}.Ad-Hoc|Any CPU.ActiveCfg = Ad-Hoc|iPhone
		{81853BA9-9904-43F7-A3EB-ACD17BCFF4DE}.Ad-Hoc|iPhone.ActiveCfg = Ad-Hoc|iPhone
		{81853BA9-9904-43F7-A3EB-ACD17BCFF4DE}.Ad-Hoc|iPhone.Build.0 = Ad-Hoc|iPhone
		{81853BA9-9904-43F7-A3EB-ACD17BCFF4DE}.Ad-Hoc|iPhoneSimulator.ActiveCfg = Ad-Hoc|iPhoneSimulator
		{81853BA9-9904-43F7-A3EB-ACD17BCFF4DE}.Ad-Hoc|iPhoneSimulator.Build.0 = Ad-Hoc|iPhoneSimulator
		{81853BA9-9904-43F7-A3EB-ACD17BCFF4DE}.AppStore|Any CPU.ActiveCfg = AppStore|iPhone
		{81853BA9-9904-43F7-A3EB-ACD17BCFF4DE}.AppStore|iPhone.ActiveCfg = AppStore|iPhone
		{81853BA9-9904-43F7-A3EB-ACD17BCFF4DE}.AppStore|iPhone.Build.0 = AppStore|iPhone
		{81853BA9-9904-43F7-A3EB-ACD17BCFF4DE}.AppStore|iPhoneSimulator.ActiveCfg = AppStore|iPhoneSimulator
		{81853BA9-9904-43F7-A3EB-ACD17BCFF4DE}.AppStore|iPhoneSimulator.Build.0 = AppStore|iPhoneSimulator
		{81853BA9-9904-43F7-A3EB-ACD17BCFF4DE}.Debug|Any CPU.ActiveCfg = Debug|iPhone
		{81853BA9-9904-43F7-A3EB-ACD17BCFF4DE}.Debug|iPhone.ActiveCfg = Debug|iPhone
		{81853BA9-9904-43F7-A3EB-ACD17BCFF4DE}.Debug|iPhone.Build.0 = Debug|iPhone
		{81853BA9-9904-43F7-A3EB-ACD17BCFF4DE}.Debug|iPhoneSimulator.ActiveCfg = Debug|iPhoneSimulator
		{81853BA9-9904-43F7-A3EB-ACD17BCFF4DE}.Debug|iPhoneSimulator.Build.0 = Debug|iPhoneSimulator
		{81853BA9-9904-43F7-A3EB-ACD17BCFF4DE}.Release|Any CPU.ActiveCfg = Release|iPhone
		{81853BA9-9904-43F7-A3EB-ACD17BCFF4DE}.Release|iPhone.ActiveCfg = Release|iPhone
		{81853BA9-9904-43F7-A3EB-ACD17BCFF4DE}.Release|iPhone.Build.0 = Release|iPhone
		{81853BA9-9904-43F7-A3EB-ACD17BCFF4DE}.Release|iPhoneSimulator.ActiveCfg = Release|iPhoneSimulator
		{81853BA9-9904-43F7-A3EB-ACD17BCFF4DE}.Release|iPhoneSimulator.Build.0 = Release|iPhoneSimulator
		{2B2A8872-9411-4C30-AC5B-B83916BD11D8}.Ad-Hoc|Any CPU.ActiveCfg = Debug|Any CPU
		{2B2A8872-9411-4C30-AC5B-B83916BD11D8}.Ad-Hoc|Any CPU.Build.0 = Debug|Any CPU
		{2B2A8872-9411-4C30-AC5B-B83916BD11D8}.Ad-Hoc|iPhone.ActiveCfg = Debug|Any CPU
		{2B2A8872-9411-4C30-AC5B-B83916BD11D8}.Ad-Hoc|iPhone.Build.0 = Debug|Any CPU
		{2B2A8872-9411-4C30-AC5B-B83916BD11D8}.Ad-Hoc|iPhoneSimulator.ActiveCfg = Debug|Any CPU
		{2B2A8872-9411-4C30-AC5B-B83916BD11D8}.Ad-Hoc|iPhoneSimulator.Build.0 = Debug|Any CPU
		{2B2A8872-9411-4C30-AC5B-B83916BD11D8}.AppStore|Any CPU.ActiveCfg = Debug|Any CPU
		{2B2A8872-9411-4C30-AC5B-B83916BD11D8}.AppStore|Any CPU.Build.0 = Debug|Any CPU
		{2B2A8872-9411-4C30-AC5B-B83916BD11D8}.AppStore|iPhone.ActiveCfg = Debug|Any CPU
		{2B2A8872-9411-4C30-AC5B-B83916BD11D8}.AppStore|iPhone.Build.0 = Debug|Any CPU
		{2B2A8872-9411-4C30-AC5B-B83916BD11D8}.AppStore|iPhoneSimulator.ActiveCfg = Debug|Any CPU
		{2B2A8872-9411-4C30-AC5B-B83916BD11D8}.AppStore|iPhoneSimulator.Build.0 = Debug|Any CPU
		{2B2A8872-9411-4C30-AC5B-B83916BD11D8}.Debug|Any CPU.ActiveCfg = Debug|Any CPU
		{2B2A8872-9411-4C30-AC5B-B83916BD11D8}.Debug|Any CPU.Build.0 = Debug|Any CPU
		{2B2A8872-9411-4C30-AC5B-B83916BD11D8}.Debug|iPhone.ActiveCfg = Debug|Any CPU
		{2B2A8872-9411-4C30-AC5B-B83916BD11D8}.Debug|iPhone.Build.0 = Debug|Any CPU
		{2B2A8872-9411-4C30-AC5B-B83916BD11D8}.Debug|iPhoneSimulator.ActiveCfg = Debug|Any CPU
		{2B2A8872-9411-4C30-AC5B-B83916BD11D8}.Debug|iPhoneSimulator.Build.0 = Debug|Any CPU
		{2B2A8872-9411-4C30-AC5B-B83916BD11D8}.Release|Any CPU.ActiveCfg = Release|Any CPU
		{2B2A8872-9411-4C30-AC5B-B83916BD11D8}.Release|Any CPU.Build.0 = Release|Any CPU
		{2B2A8872-9411-4C30-AC5B-B83916BD11D8}.Release|iPhone.ActiveCfg = Release|Any CPU
		{2B2A8872-9411-4C30-AC5B-B83916BD11D8}.Release|iPhone.Build.0 = Release|Any CPU
		{2B2A8872-9411-4C30-AC5B-B83916BD11D8}.Release|iPhoneSimulator.ActiveCfg = Release|Any CPU
		{2B2A8872-9411-4C30-AC5B-B83916BD11D8}.Release|iPhoneSimulator.Build.0 = Release|Any CPU
		{8C7464EA-7E7F-4E2F-B86F-666598D39C02}.Ad-Hoc|Any CPU.ActiveCfg = Debug|Any CPU
		{8C7464EA-7E7F-4E2F-B86F-666598D39C02}.Ad-Hoc|Any CPU.Build.0 = Debug|Any CPU
		{8C7464EA-7E7F-4E2F-B86F-666598D39C02}.Ad-Hoc|iPhone.ActiveCfg = Debug|Any CPU
		{8C7464EA-7E7F-4E2F-B86F-666598D39C02}.Ad-Hoc|iPhone.Build.0 = Debug|Any CPU
		{8C7464EA-7E7F-4E2F-B86F-666598D39C02}.Ad-Hoc|iPhoneSimulator.ActiveCfg = Debug|Any CPU
		{8C7464EA-7E7F-4E2F-B86F-666598D39C02}.Ad-Hoc|iPhoneSimulator.Build.0 = Debug|Any CPU
		{8C7464EA-7E7F-4E2F-B86F-666598D39C02}.AppStore|Any CPU.ActiveCfg = Debug|Any CPU
		{8C7464EA-7E7F-4E2F-B86F-666598D39C02}.AppStore|Any CPU.Build.0 = Debug|Any CPU
		{8C7464EA-7E7F-4E2F-B86F-666598D39C02}.AppStore|iPhone.ActiveCfg = Debug|Any CPU
		{8C7464EA-7E7F-4E2F-B86F-666598D39C02}.AppStore|iPhone.Build.0 = Debug|Any CPU
		{8C7464EA-7E7F-4E2F-B86F-666598D39C02}.AppStore|iPhoneSimulator.ActiveCfg = Debug|Any CPU
		{8C7464EA-7E7F-4E2F-B86F-666598D39C02}.AppStore|iPhoneSimulator.Build.0 = Debug|Any CPU
		{8C7464EA-7E7F-4E2F-B86F-666598D39C02}.Debug|Any CPU.ActiveCfg = Debug|Any CPU
		{8C7464EA-7E7F-4E2F-B86F-666598D39C02}.Debug|Any CPU.Build.0 = Debug|Any CPU
		{8C7464EA-7E7F-4E2F-B86F-666598D39C02}.Debug|iPhone.ActiveCfg = Debug|Any CPU
		{8C7464EA-7E7F-4E2F-B86F-666598D39C02}.Debug|iPhone.Build.0 = Debug|Any CPU
		{8C7464EA-7E7F-4E2F-B86F-666598D39C02}.Debug|iPhoneSimulator.ActiveCfg = Debug|Any CPU
		{8C7464EA-7E7F-4E2F-B86F-666598D39C02}.Debug|iPhoneSimulator.Build.0 = Debug|Any CPU
		{8C7464EA-7E7F-4E2F-B86F-666598D39C02}.Release|Any CPU.ActiveCfg = Release|Any CPU
		{8C7464EA-7E7F-4E2F-B86F-666598D39C02}.Release|Any CPU.Build.0 = Release|Any CPU
		{8C7464EA-7E7F-4E2F-B86F-666598D39C02}.Release|iPhone.ActiveCfg = Release|Any CPU
		{8C7464EA-7E7F-4E2F-B86F-666598D39C02}.Release|iPhone.Build.0 = Release|Any CPU
		{8C7464EA-7E7F-4E2F-B86F-666598D39C02}.Release|iPhoneSimulator.ActiveCfg = Release|Any CPU
		{8C7464EA-7E7F-4E2F-B86F-666598D39C02}.Release|iPhoneSimulator.Build.0 = Release|Any CPU
		{036D6A1B-AFBC-411D-B586-2EE979A3BB0B}.Ad-Hoc|Any CPU.ActiveCfg = Debug|Any CPU
		{036D6A1B-AFBC-411D-B586-2EE979A3BB0B}.Ad-Hoc|Any CPU.Build.0 = Debug|Any CPU
		{036D6A1B-AFBC-411D-B586-2EE979A3BB0B}.Ad-Hoc|iPhone.ActiveCfg = Debug|Any CPU
		{036D6A1B-AFBC-411D-B586-2EE979A3BB0B}.Ad-Hoc|iPhone.Build.0 = Debug|Any CPU
		{036D6A1B-AFBC-411D-B586-2EE979A3BB0B}.Ad-Hoc|iPhoneSimulator.ActiveCfg = Debug|Any CPU
		{036D6A1B-AFBC-411D-B586-2EE979A3BB0B}.Ad-Hoc|iPhoneSimulator.Build.0 = Debug|Any CPU
		{036D6A1B-AFBC-411D-B586-2EE979A3BB0B}.AppStore|Any CPU.ActiveCfg = Debug|Any CPU
		{036D6A1B-AFBC-411D-B586-2EE979A3BB0B}.AppStore|Any CPU.Build.0 = Debug|Any CPU
		{036D6A1B-AFBC-411D-B586-2EE979A3BB0B}.AppStore|iPhone.ActiveCfg = Debug|Any CPU
		{036D6A1B-AFBC-411D-B586-2EE979A3BB0B}.AppStore|iPhone.Build.0 = Debug|Any CPU
		{036D6A1B-AFBC-411D-B586-2EE979A3BB0B}.AppStore|iPhoneSimulator.ActiveCfg = Debug|Any CPU
		{036D6A1B-AFBC-411D-B586-2EE979A3BB0B}.AppStore|iPhoneSimulator.Build.0 = Debug|Any CPU
		{036D6A1B-AFBC-411D-B586-2EE979A3BB0B}.Debug|Any CPU.ActiveCfg = Debug|Any CPU
		{036D6A1B-AFBC-411D-B586-2EE979A3BB0B}.Debug|Any CPU.Build.0 = Debug|Any CPU
		{036D6A1B-AFBC-411D-B586-2EE979A3BB0B}.Debug|iPhone.ActiveCfg = Debug|Any CPU
		{036D6A1B-AFBC-411D-B586-2EE979A3BB0B}.Debug|iPhone.Build.0 = Debug|Any CPU
		{036D6A1B-AFBC-411D-B586-2EE979A3BB0B}.Debug|iPhoneSimulator.ActiveCfg = Debug|Any CPU
		{036D6A1B-AFBC-411D-B586-2EE979A3BB0B}.Debug|iPhoneSimulator.Build.0 = Debug|Any CPU
		{036D6A1B-AFBC-411D-B586-2EE979A3BB0B}.Release|Any CPU.ActiveCfg = Release|Any CPU
		{036D6A1B-AFBC-411D-B586-2EE979A3BB0B}.Release|Any CPU.Build.0 = Release|Any CPU
		{036D6A1B-AFBC-411D-B586-2EE979A3BB0B}.Release|iPhone.ActiveCfg = Release|Any CPU
		{036D6A1B-AFBC-411D-B586-2EE979A3BB0B}.Release|iPhone.Build.0 = Release|Any CPU
		{036D6A1B-AFBC-411D-B586-2EE979A3BB0B}.Release|iPhoneSimulator.ActiveCfg = Release|Any CPU
		{036D6A1B-AFBC-411D-B586-2EE979A3BB0B}.Release|iPhoneSimulator.Build.0 = Release|Any CPU
		{85B1A9E5-B5B9-44CD-AF91-CE4F6FB76250}.Ad-Hoc|Any CPU.ActiveCfg = Debug|Any CPU
		{85B1A9E5-B5B9-44CD-AF91-CE4F6FB76250}.Ad-Hoc|Any CPU.Build.0 = Debug|Any CPU
		{85B1A9E5-B5B9-44CD-AF91-CE4F6FB76250}.Ad-Hoc|iPhone.ActiveCfg = Debug|Any CPU
		{85B1A9E5-B5B9-44CD-AF91-CE4F6FB76250}.Ad-Hoc|iPhone.Build.0 = Debug|Any CPU
		{85B1A9E5-B5B9-44CD-AF91-CE4F6FB76250}.Ad-Hoc|iPhoneSimulator.ActiveCfg = Debug|Any CPU
		{85B1A9E5-B5B9-44CD-AF91-CE4F6FB76250}.Ad-Hoc|iPhoneSimulator.Build.0 = Debug|Any CPU
		{85B1A9E5-B5B9-44CD-AF91-CE4F6FB76250}.AppStore|Any CPU.ActiveCfg = Debug|Any CPU
		{85B1A9E5-B5B9-44CD-AF91-CE4F6FB76250}.AppStore|Any CPU.Build.0 = Debug|Any CPU
		{85B1A9E5-B5B9-44CD-AF91-CE4F6FB76250}.AppStore|iPhone.ActiveCfg = Debug|Any CPU
		{85B1A9E5-B5B9-44CD-AF91-CE4F6FB76250}.AppStore|iPhone.Build.0 = Debug|Any CPU
		{85B1A9E5-B5B9-44CD-AF91-CE4F6FB76250}.AppStore|iPhoneSimulator.ActiveCfg = Debug|Any CPU
		{85B1A9E5-B5B9-44CD-AF91-CE4F6FB76250}.AppStore|iPhoneSimulator.Build.0 = Debug|Any CPU
		{85B1A9E5-B5B9-44CD-AF91-CE4F6FB76250}.Debug|Any CPU.ActiveCfg = Debug|Any CPU
		{85B1A9E5-B5B9-44CD-AF91-CE4F6FB76250}.Debug|Any CPU.Build.0 = Debug|Any CPU
		{85B1A9E5-B5B9-44CD-AF91-CE4F6FB76250}.Debug|iPhone.ActiveCfg = Debug|Any CPU
		{85B1A9E5-B5B9-44CD-AF91-CE4F6FB76250}.Debug|iPhone.Build.0 = Debug|Any CPU
		{85B1A9E5-B5B9-44CD-AF91-CE4F6FB76250}.Debug|iPhoneSimulator.ActiveCfg = Debug|Any CPU
		{85B1A9E5-B5B9-44CD-AF91-CE4F6FB76250}.Debug|iPhoneSimulator.Build.0 = Debug|Any CPU
		{85B1A9E5-B5B9-44CD-AF91-CE4F6FB76250}.Release|Any CPU.ActiveCfg = Release|Any CPU
		{85B1A9E5-B5B9-44CD-AF91-CE4F6FB76250}.Release|Any CPU.Build.0 = Release|Any CPU
		{85B1A9E5-B5B9-44CD-AF91-CE4F6FB76250}.Release|iPhone.ActiveCfg = Release|Any CPU
		{85B1A9E5-B5B9-44CD-AF91-CE4F6FB76250}.Release|iPhone.Build.0 = Release|Any CPU
		{85B1A9E5-B5B9-44CD-AF91-CE4F6FB76250}.Release|iPhoneSimulator.ActiveCfg = Release|Any CPU
		{85B1A9E5-B5B9-44CD-AF91-CE4F6FB76250}.Release|iPhoneSimulator.Build.0 = Release|Any CPU
		{B367577F-ABE2-4EAD-8002-1397C40C6700}.Ad-Hoc|Any CPU.ActiveCfg = Debug|Any CPU
		{B367577F-ABE2-4EAD-8002-1397C40C6700}.Ad-Hoc|Any CPU.Build.0 = Debug|Any CPU
		{B367577F-ABE2-4EAD-8002-1397C40C6700}.Ad-Hoc|iPhone.ActiveCfg = Debug|Any CPU
		{B367577F-ABE2-4EAD-8002-1397C40C6700}.Ad-Hoc|iPhone.Build.0 = Debug|Any CPU
		{B367577F-ABE2-4EAD-8002-1397C40C6700}.Ad-Hoc|iPhoneSimulator.ActiveCfg = Debug|Any CPU
		{B367577F-ABE2-4EAD-8002-1397C40C6700}.Ad-Hoc|iPhoneSimulator.Build.0 = Debug|Any CPU
		{B367577F-ABE2-4EAD-8002-1397C40C6700}.AppStore|Any CPU.ActiveCfg = Debug|Any CPU
		{B367577F-ABE2-4EAD-8002-1397C40C6700}.AppStore|Any CPU.Build.0 = Debug|Any CPU
		{B367577F-ABE2-4EAD-8002-1397C40C6700}.AppStore|iPhone.ActiveCfg = Debug|Any CPU
		{B367577F-ABE2-4EAD-8002-1397C40C6700}.AppStore|iPhone.Build.0 = Debug|Any CPU
		{B367577F-ABE2-4EAD-8002-1397C40C6700}.AppStore|iPhoneSimulator.ActiveCfg = Debug|Any CPU
		{B367577F-ABE2-4EAD-8002-1397C40C6700}.AppStore|iPhoneSimulator.Build.0 = Debug|Any CPU
		{B367577F-ABE2-4EAD-8002-1397C40C6700}.Debug|Any CPU.ActiveCfg = Debug|Any CPU
		{B367577F-ABE2-4EAD-8002-1397C40C6700}.Debug|Any CPU.Build.0 = Debug|Any CPU
		{B367577F-ABE2-4EAD-8002-1397C40C6700}.Debug|iPhone.ActiveCfg = Debug|Any CPU
		{B367577F-ABE2-4EAD-8002-1397C40C6700}.Debug|iPhone.Build.0 = Debug|Any CPU
		{B367577F-ABE2-4EAD-8002-1397C40C6700}.Debug|iPhoneSimulator.ActiveCfg = Debug|Any CPU
		{B367577F-ABE2-4EAD-8002-1397C40C6700}.Debug|iPhoneSimulator.Build.0 = Debug|Any CPU
		{B367577F-ABE2-4EAD-8002-1397C40C6700}.Release|Any CPU.ActiveCfg = Release|Any CPU
		{B367577F-ABE2-4EAD-8002-1397C40C6700}.Release|Any CPU.Build.0 = Release|Any CPU
		{B367577F-ABE2-4EAD-8002-1397C40C6700}.Release|iPhone.ActiveCfg = Release|Any CPU
		{B367577F-ABE2-4EAD-8002-1397C40C6700}.Release|iPhone.Build.0 = Release|Any CPU
		{B367577F-ABE2-4EAD-8002-1397C40C6700}.Release|iPhoneSimulator.ActiveCfg = Release|Any CPU
		{B367577F-ABE2-4EAD-8002-1397C40C6700}.Release|iPhoneSimulator.Build.0 = Release|Any CPU
		{4D353F83-3F3E-4768-9F2C-521B3C56A286}.Ad-Hoc|Any CPU.ActiveCfg = Debug|Any CPU
		{4D353F83-3F3E-4768-9F2C-521B3C56A286}.Ad-Hoc|Any CPU.Build.0 = Debug|Any CPU
		{4D353F83-3F3E-4768-9F2C-521B3C56A286}.Ad-Hoc|iPhone.ActiveCfg = Debug|Any CPU
		{4D353F83-3F3E-4768-9F2C-521B3C56A286}.Ad-Hoc|iPhone.Build.0 = Debug|Any CPU
		{4D353F83-3F3E-4768-9F2C-521B3C56A286}.Ad-Hoc|iPhoneSimulator.ActiveCfg = Debug|Any CPU
		{4D353F83-3F3E-4768-9F2C-521B3C56A286}.Ad-Hoc|iPhoneSimulator.Build.0 = Debug|Any CPU
		{4D353F83-3F3E-4768-9F2C-521B3C56A286}.AppStore|Any CPU.ActiveCfg = Debug|Any CPU
		{4D353F83-3F3E-4768-9F2C-521B3C56A286}.AppStore|Any CPU.Build.0 = Debug|Any CPU
		{4D353F83-3F3E-4768-9F2C-521B3C56A286}.AppStore|iPhone.ActiveCfg = Debug|Any CPU
		{4D353F83-3F3E-4768-9F2C-521B3C56A286}.AppStore|iPhone.Build.0 = Debug|Any CPU
		{4D353F83-3F3E-4768-9F2C-521B3C56A286}.AppStore|iPhoneSimulator.ActiveCfg = Debug|Any CPU
		{4D353F83-3F3E-4768-9F2C-521B3C56A286}.AppStore|iPhoneSimulator.Build.0 = Debug|Any CPU
		{4D353F83-3F3E-4768-9F2C-521B3C56A286}.Debug|Any CPU.ActiveCfg = Debug|Any CPU
		{4D353F83-3F3E-4768-9F2C-521B3C56A286}.Debug|Any CPU.Build.0 = Debug|Any CPU
		{4D353F83-3F3E-4768-9F2C-521B3C56A286}.Debug|iPhone.ActiveCfg = Debug|Any CPU
		{4D353F83-3F3E-4768-9F2C-521B3C56A286}.Debug|iPhone.Build.0 = Debug|Any CPU
		{4D353F83-3F3E-4768-9F2C-521B3C56A286}.Debug|iPhoneSimulator.ActiveCfg = Debug|Any CPU
		{4D353F83-3F3E-4768-9F2C-521B3C56A286}.Debug|iPhoneSimulator.Build.0 = Debug|Any CPU
		{4D353F83-3F3E-4768-9F2C-521B3C56A286}.Release|Any CPU.ActiveCfg = Release|Any CPU
		{4D353F83-3F3E-4768-9F2C-521B3C56A286}.Release|Any CPU.Build.0 = Release|Any CPU
		{4D353F83-3F3E-4768-9F2C-521B3C56A286}.Release|iPhone.ActiveCfg = Release|Any CPU
		{4D353F83-3F3E-4768-9F2C-521B3C56A286}.Release|iPhone.Build.0 = Release|Any CPU
		{4D353F83-3F3E-4768-9F2C-521B3C56A286}.Release|iPhoneSimulator.ActiveCfg = Release|Any CPU
		{4D353F83-3F3E-4768-9F2C-521B3C56A286}.Release|iPhoneSimulator.Build.0 = Release|Any CPU
		{1C8EBB6F-694F-46C3-9F6F-706F62C98D67}.Ad-Hoc|Any CPU.ActiveCfg = Debug|Any CPU
		{1C8EBB6F-694F-46C3-9F6F-706F62C98D67}.Ad-Hoc|Any CPU.Build.0 = Debug|Any CPU
		{1C8EBB6F-694F-46C3-9F6F-706F62C98D67}.Ad-Hoc|iPhone.ActiveCfg = Debug|Any CPU
		{1C8EBB6F-694F-46C3-9F6F-706F62C98D67}.Ad-Hoc|iPhone.Build.0 = Debug|Any CPU
		{1C8EBB6F-694F-46C3-9F6F-706F62C98D67}.Ad-Hoc|iPhoneSimulator.ActiveCfg = Debug|Any CPU
		{1C8EBB6F-694F-46C3-9F6F-706F62C98D67}.Ad-Hoc|iPhoneSimulator.Build.0 = Debug|Any CPU
		{1C8EBB6F-694F-46C3-9F6F-706F62C98D67}.AppStore|Any CPU.ActiveCfg = Debug|Any CPU
		{1C8EBB6F-694F-46C3-9F6F-706F62C98D67}.AppStore|Any CPU.Build.0 = Debug|Any CPU
		{1C8EBB6F-694F-46C3-9F6F-706F62C98D67}.AppStore|iPhone.ActiveCfg = Debug|Any CPU
		{1C8EBB6F-694F-46C3-9F6F-706F62C98D67}.AppStore|iPhone.Build.0 = Debug|Any CPU
		{1C8EBB6F-694F-46C3-9F6F-706F62C98D67}.AppStore|iPhoneSimulator.ActiveCfg = Debug|Any CPU
		{1C8EBB6F-694F-46C3-9F6F-706F62C98D67}.AppStore|iPhoneSimulator.Build.0 = Debug|Any CPU
		{1C8EBB6F-694F-46C3-9F6F-706F62C98D67}.Debug|Any CPU.ActiveCfg = Debug|Any CPU
		{1C8EBB6F-694F-46C3-9F6F-706F62C98D67}.Debug|Any CPU.Build.0 = Debug|Any CPU
		{1C8EBB6F-694F-46C3-9F6F-706F62C98D67}.Debug|iPhone.ActiveCfg = Debug|Any CPU
		{1C8EBB6F-694F-46C3-9F6F-706F62C98D67}.Debug|iPhone.Build.0 = Debug|Any CPU
		{1C8EBB6F-694F-46C3-9F6F-706F62C98D67}.Debug|iPhoneSimulator.ActiveCfg = Debug|Any CPU
		{1C8EBB6F-694F-46C3-9F6F-706F62C98D67}.Debug|iPhoneSimulator.Build.0 = Debug|Any CPU
		{1C8EBB6F-694F-46C3-9F6F-706F62C98D67}.Release|Any CPU.ActiveCfg = Release|Any CPU
		{1C8EBB6F-694F-46C3-9F6F-706F62C98D67}.Release|Any CPU.Build.0 = Release|Any CPU
		{1C8EBB6F-694F-46C3-9F6F-706F62C98D67}.Release|iPhone.ActiveCfg = Release|Any CPU
		{1C8EBB6F-694F-46C3-9F6F-706F62C98D67}.Release|iPhone.Build.0 = Release|Any CPU
		{1C8EBB6F-694F-46C3-9F6F-706F62C98D67}.Release|iPhoneSimulator.ActiveCfg = Release|Any CPU
		{1C8EBB6F-694F-46C3-9F6F-706F62C98D67}.Release|iPhoneSimulator.Build.0 = Release|Any CPU
	EndGlobalSection
	GlobalSection(SolutionProperties) = preSolution
		HideSolutionNode = FALSE
	EndGlobalSection
	GlobalSection(NestedProjects) = preSolution
		{2B2A8872-9411-4C30-AC5B-B83916BD11D8} = {AE0A6282-FBC9-42E7-84B5-B3DBA4EBDBF1}
		{036D6A1B-AFBC-411D-B586-2EE979A3BB0B} = {AE0A6282-FBC9-42E7-84B5-B3DBA4EBDBF1}
		{85B1A9E5-B5B9-44CD-AF91-CE4F6FB76250} = {1662B761-5A68-49C5-B670-11A42F67FEBB}
		{4D353F83-3F3E-4768-9F2C-521B3C56A286} = {1662B761-5A68-49C5-B670-11A42F67FEBB}
		{1C8EBB6F-694F-46C3-9F6F-706F62C98D67} = {470F2C60-809B-40B5-AF85-9F889D0C8DDA}
	EndGlobalSection
	GlobalSection(ExtensibilityGlobals) = postSolution
		SolutionGuid = {C0159C4E-CFB6-45F7-8125-83BAFC160603}
	EndGlobalSection
EndGlobal
